
Microsoft Visual Studio Solution File, Format Version 12.00
# Visual Studio Version 17
VisualStudioVersion = 17.9.34607.119
MinimumVisualStudioVersion = 10.0.40219.1
Project("{8BC9CEB8-8B4A-11D0-8D11-00A0C91BC942}") = "LZOStream", "LZOStream\LZOStream.vcxproj", "{C2DC37BF-6C58-4B02-8A0E-DB48325420E4}"
EndProject
Project("{8BC9CEB8-8B4A-11D0-8D11-00A0C91BC942}") = "LZOStreamTest", "LZOStreamTest\LZOStreamTest.vcxproj", "{339BD603-13AA-4B0B-B6A5-42CC95CE4987}"
EndProject
Global
	GlobalSection(SolutionConfigurationPlatforms) = preSolution
		Debug|x86 = Debug|x86
		Release|x86 = Release|x86
	EndGlobalSection
	GlobalSection(ProjectConfigurationPlatforms) = postSolution
		{C2DC37BF-6C58-4B02-8A0E-DB48325420E4}.Debug|x86.ActiveCfg = Debug|Win32
		{C2DC37BF-6C58-4B02-8A0E-DB48325420E4}.Debug|x86.Build.0 = Debug|Win32
		{C2DC37BF-6C58-4B02-8A0E-DB48325420E4}.Release|x86.ActiveCfg = Release|Win32
		{C2DC37BF-6C58-4B02-8A0E-DB48325420E4}.Release|x86.Build.0 = Release|Win32
		{339BD603-13AA-4B0B-B6A5-42CC95CE4987}.Debug|x86.ActiveCfg = Debug|Win32
		{339BD603-13AA-4B0B-B6A5-42CC95CE4987}.Debug|x86.Build.0 = Debug|Win32
		{339BD603-13AA-4B0B-B6A5-42CC95CE4987}.Release|x86.ActiveCfg = Release|Win32
		{339BD603-13AA-4B0B-B6A5-42CC95CE4987}.Release|x86.Build.0 = Release|Win32
	EndGlobalSection
	GlobalSection(SolutionProperties) = preSolution
		HideSolutionNode = FALSE
	EndGlobalSection
	GlobalSection(ExtensibilityGlobals) = postSolution
		SolutionGuid = {51179F3A-FC7E-4F65-B547-BDFBF4B0C2F4}
	EndGlobalSection
EndGlobal
